<?xml version="1.0" encoding="utf-8"?>
<Project ToolsVersion="4.0" xmlns="http://schemas.microsoft.com/developer/msbuild/2003">
  <ItemGroup>
    <Filter Include="Resource Files">
      <UniqueIdentifier>{67DA6AB6-F800-4c08-8B7A-83BB121AAD01}</UniqueIdentifier>
      <Extensions>rc;ico;cur;bmp;dlg;rc2;rct;bin;rgs;gif;jpg;jpeg;jpe;resx;tiff;tif;png;wav;mfcribbon-ms</Extensions>
    </Filter>
    <Filter Include="State Machine">
      <UniqueIdentifier>{096a3ab8-b74b-422c-8706-e1354e2df8c8}</UniqueIdentifier>
    </Filter>
    <Filter Include="State Machine\Header Files">
      <UniqueIdentifier>{93995380-89BD-4b04-88EB-625FBE52EBFB}</UniqueIdentifier>
      <Extensions>h;hh;hpp;hxx;hm;inl;inc;xsd</Extensions>
    </Filter>
    <Filter Include="State Machine\Source Files">
      <UniqueIdentifier>{4FC737F1-C7A5-4376-A066-2A32D752A2FF}</UniqueIdentifier>
      <Extensions>cpp;c;cc;cxx;def;odl;idl;hpj;bat;asm;asmx</Extensions>
    </Filter>
    <Filter Include="AI Mapping">
      <UniqueIdentifier>{a9e1af92-8c27-43b2-ac38-4d2d69ca3c89}</UniqueIdentifier>
    </Filter>
    <Filter Include="AI Mapping\Header Files">
      <UniqueIdentifier>{5d37b9f8-bdf8-4f15-b5cb-f1047a91013c}</UniqueIdentifier>
    </Filter>
    <Filter Include="AI Mapping\Source Files">
      <UniqueIdentifier>{dbe56968-7df3-401f-930d-3768ee2a2d07}</UniqueIdentifier>
    </Filter>
    <Filter Include="Node Systems">
      <UniqueIdentifier>{de7cac72-aea8-4074-8dd4-671cceb717f5}</UniqueIdentifier>
    </Filter>
    <Filter Include="Node Systems\Header Files">
      <UniqueIdentifier>{1eeb4a57-f7d6-4a33-8ad0-43c4fdaa5762}</UniqueIdentifier>
    </Filter>
    <Filter Include="Node Systems\Source Files">
      <UniqueIdentifier>{a1f3d4a0-e25d-494d-a50e-6360c2dd603a}</UniqueIdentifier>
    </Filter>
    <Filter Include="Utilities">
      <UniqueIdentifier>{bd4c7165-68a1-4740-926b-ce8179608bd4}</UniqueIdentifier>
    </Filter>
    <Filter Include="Utilities\Header Files">
      <UniqueIdentifier>{b2d8062e-7dca-4eb9-9a4b-be2b0b3d55f1}</UniqueIdentifier>
    </Filter>
    <Filter Include="Utilities\Source Files">
      <UniqueIdentifier>{9aaccbd8-8ed0-47e8-b413-f7300b60eeb5}</UniqueIdentifier>
    </Filter>
  </ItemGroup>
  <ItemGroup>
    <ClCompile Include="Src\Main.cpp" />
    <ClCompile Include="Src\MenuState.cpp">
      <Filter>State Machine\Source Files</Filter>
    </ClCompile>
    <ClCompile Include="Src\StateHandler.cpp">
      <Filter>State Machine\Source Files</Filter>
    </ClCompile>
    <ClCompile Include="Src\MapHandler.cpp">
      <Filter>AI Mapping\Source Files</Filter>
    </ClCompile>
    <ClCompile Include="Src\GameState.cpp">
      <Filter>State Machine\Source Files</Filter>
    </ClCompile>
    <ClCompile Include="Src\MenuNode.cpp">
      <Filter>Node Systems\Source Files</Filter>
    </ClCompile>
    <ClCompile Include="Src\RRTNode.cpp">
      <Filter>Node Systems\Source Files</Filter>
    </ClCompile>
    <ClCompile Include="Src\Vector2D.cpp">
      <Filter>Utilities\Source Files</Filter>
    </ClCompile>
  </ItemGroup>
  <ItemGroup>
    <ClInclude Include="Src\MenuState.h">
      <Filter>State Machine\Header Files</Filter>
    </ClInclude>
    <ClInclude Include="Src\State.h">
      <Filter>State Machine\Header Files</Filter>
    </ClInclude>
    <ClInclude Include="Src\StateHandler.h">
      <Filter>State Machine\Header Files</Filter>
    </ClInclude>
    <ClInclude Include="Src\MapHandler.h">
      <Filter>AI Mapping\Header Files</Filter>
    </ClInclude>
    <ClInclude Include="Src\GameState.h">
      <Filter>State Machine\Header Files</Filter>
    </ClInclude>
    <ClInclude Include="Src\MenuNode.h">
      <Filter>Node Systems\Header Files</Filter>
    </ClInclude>
    <ClInclude Include="Src\RRTNode.h">
      <Filter>Node Systems\Header Files</Filter>
    </ClInclude>
    <ClInclude Include="Src\Vector2D.h">
      <Filter>Utilities\Header Files</Filter>
    </ClInclude>
  </ItemGroup>
</Project>